Microsoft Visual Studio Solution File, Format Version 12.00
# Visual Studio Version 16
VisualStudioVersion = 25.0.1700.0
MinimumVisualStudioVersion = 10.0.40219.1
Project("{FAE04EC0-301F-11D3-BF4B-00C04F79EFBC}") = "TestAuth", "TestAuth.csproj", "{1B4C21EA-C8D5-4F68-9B3A-F39AFAF83EAC}"
EndProject
Global
    GlobalSection(SolutionConfigurationPlatforms) = preSolution
        Debug|Any CPU = Debug|Any CPU
        Release|Any CPU = Release|Any CPU
    EndGlobalSection
    GlobalSection(ProjectConfigurationPlatforms) = postSolution
        {1B4C21EA-C8D5-4F68-9B3A-F39AFAF83EAC}.Debug|Any CPU.ActiveCfg = Debug|Any CPU
        {1B4C21EA-C8D5-4F68-9B3A-F39AFAF83EAC}.Debug|Any CPU.Build.0 = Debug|Any CPU
        {1B4C21EA-C8D5-4F68-9B3A-F39AFAF83EAC}.Release|Any CPU.ActiveCfg = Release|Any CPU
        {1B4C21EA-C8D5-4F68-9B3A-F39AFAF83EAC}.Release|Any CPU.Build.0 = Release|Any CPU
    EndGlobalSection
    GlobalSection(SolutionProperties) = preSolution
        HideSolutionNode = FALSE
    EndGlobalSection
    GlobalSection(ExtensibilityGlobals) = postSolution
        SolutionGuid = {C5A8AD09-D540-4B1D-B3E9-F8795FB7E416}
    EndGlobalSection
EndGlobal
